
Microsoft Visual Studio Solution File, Format Version 12.00
# Visual Studio Version 17
VisualStudioVersion = 17.7.34018.315
MinimumVisualStudioVersion = 10.0.40219.1
Project("{FAE04EC0-301F-11D3-BF4B-00C04F79EFBC}") = "Kalapacsvetes", "Kalapacsvetes.csproj", "{66FF4210-3CE0-4927-9765-F44D7E244628}"
EndProject
Global
	GlobalSection(SolutionConfigurationPlatforms) = preSolution
		Debug|Any CPU = Debug|Any CPU
		Release|Any CPU = Release|Any CPU
	EndGlobalSection
	GlobalSection(ProjectConfigurationPlatforms) = postSolution
		{66FF4210-3CE0-4927-9765-F44D7E244628}.Debug|Any CPU.ActiveCfg = Debug|Any CPU
		{66FF4210-3CE0-4927-9765-F44D7E244628}.Debug|Any CPU.Build.0 = Debug|Any CPU
		{66FF4210-3CE0-4927-9765-F44D7E244628}.Release|Any CPU.ActiveCfg = Release|Any CPU
		{66FF4210-3CE0-4927-9765-F44D7E244628}.Release|Any CPU.Build.0 = Release|Any CPU
	EndGlobalSection
	GlobalSection(SolutionProperties) = preSolution
		HideSolutionNode = FALSE
	EndGlobalSection
	GlobalSection(ExtensibilityGlobals) = postSolution
		SolutionGuid = {98FFA4E7-1E59-4FC9-A168-B3DE3C3B81AA}
	EndGlobalSection
EndGlobal
